
Microsoft Visual Studio Solution File, Format Version 12.00
# Visual Studio Version 17
VisualStudioVersion = 17.14.37628.2 d17.14
MinimumVisualStudioVersion = 10.0.40219.1
Project("{FAE04EC0-301F-11D3-BF4B-00C04F79EFBC}") = "SmartRental", "SmartRental.csproj", "{DA45C458-C10D-4DF4-8726-5D108B8C0891}"
EndProject
Global
	GlobalSection(SolutionConfigurationPlatforms) = preSolution
		Debug|Any CPU = Debug|Any CPU
		Release|Any CPU = Release|Any CPU
	EndGlobalSection
	GlobalSection(ProjectConfigurationPlatforms) = postSolution
		{DA45C458-C10D-4DF4-8726-5D108B8C0891}.Debug|Any CPU.ActiveCfg = Debug|Any CPU
		{DA45C458-C10D-4DF4-8726-5D108B8C0891}.Debug|Any CPU.Build.0 = Debug|Any CPU
		{DA45C458-C10D-4DF4-8726-5D108B8C0891}.Release|Any CPU.ActiveCfg = Release|Any CPU
		{DA45C458-C10D-4DF4-8726-5D108B8C0891}.Release|Any CPU.Build.0 = Release|Any CPU
	EndGlobalSection
	GlobalSection(SolutionProperties) = preSolution
		HideSolutionNode = FALSE
	EndGlobalSection
	GlobalSection(ExtensibilityGlobals) = postSolution
		SolutionGuid = {302569EA-6C16-4F8B-BC4F-1654A41FDCB9}
	EndGlobalSection
EndGlobal
